{
  "name": "event-reports-app",
  "version": "28.0.30",
  "lockfileVersion": 1,
  "requires": true,
  "dependencies": {
    "d2-analysis": {
      "version": "28.0.45",
      "resolved": "https://registry.npmjs.org/d2-analysis/-/d2-analysis-28.0.45.tgz",
      "integrity": "sha1-j5XmJHZUM51ccSlirM/BzPqPaEc=",
      "requires": {
        "d2-utilizr": "0.2.13",
        "jquery": "2.1.4"
      },
      "dependencies": {
        "d2-utilizr": {
          "version": "0.2.13",
          "resolved": "https://registry.npmjs.org/d2-utilizr/-/d2-utilizr-0.2.13.tgz",
          "integrity": "sha1-r/bfsFT5LiyXTPafOPT9wTaZptM=",
          "requires": {
            "lodash.isboolean": "3.0.3",
            "lodash.isfunction": "3.0.8",
            "lodash.ismap": "4.4.2",
            "lodash.isnumber": "3.0.3",
            "lodash.isobject": "3.0.2",
            "lodash.isset": "4.4.2",
            "lodash.isstring": "4.0.1"
          }
        }
      }
    },
    "jquery": {
      "version": "2.1.4",
      "resolved": "https://registry.npmjs.org/jquery/-/jquery-2.1.4.tgz",
      "integrity": "sha1-IoveaYoMYUMdwmMKahVPFYkNIxc="
    },
    "lodash.isboolean": {
      "version": "3.0.3",
      "resolved": "https://registry.npmjs.org/lodash.isboolean/-/lodash.isboolean-3.0.3.tgz",
      "integrity": "sha1-bC4XHbKiV82WgC/UOwGyDV9YcPY="
    },
    "lodash.isfunction": {
      "version": "3.0.8",
      "resolved": "https://registry.npmjs.org/lodash.isfunction/-/lodash.isfunction-3.0.8.tgz",
      "integrity": "sha1-TbcJ/IG8So/XEnpFilNGxc3OLGs="
    },
    "lodash.ismap": {
      "version": "4.4.2",
      "resolved": "https://registry.npmjs.org/lodash.ismap/-/lodash.ismap-4.4.2.tgz",
      "integrity": "sha1-g2vwbe5X/T0qo1e/aUbmHR534nk="
    },
    "lodash.isnumber": {
      "version": "3.0.3",
      "resolved": "https://registry.npmjs.org/lodash.isnumber/-/lodash.isnumber-3.0.3.tgz",
      "integrity": "sha1-POdoEMWSjQM1IwGsKHMX8RwLH/w="
    },
    "lodash.isobject": {
      "version": "3.0.2",
      "resolved": "https://registry.npmjs.org/lodash.isobject/-/lodash.isobject-3.0.2.tgz",
      "integrity": "sha1-PI+41bW/S/kK4G4U8qUwpO2TXh0="
    },
    "lodash.isset": {
      "version": "4.4.2",
      "resolved": "https://registry.npmjs.org/lodash.isset/-/lodash.isset-4.4.2.tgz",
      "integrity": "sha1-1e7MVreperWIUJ5HlbNUGxzbZ7s="
    },
    "lodash.isstring": {
      "version": "4.0.1",
      "resolved": "https://registry.npmjs.org/lodash.isstring/-/lodash.isstring-4.0.1.tgz",
      "integrity": "sha1-1SfftUVuynzJu5XV2ur4i6VKVFE="
    }
  }
}
